<?xml version="1.0" encoding="utf-8"?>
<Project ToolsVersion="4.0" xmlns="http://schemas.microsoft.com/developer/msbuild/2003">
  <ItemGroup>
    <Filter Include="www">
      <UniqueIdentifier>{43782d52-33a2-45ed-b928-14629207a933}</UniqueIdentifier>
    </Filter>
    <Filter Include="www\html">
      <UniqueIdentifier>{f9c99114-6807-442b-95a5-08e1d001c8da}</UniqueIdentifier>
    </Filter>
  </ItemGroup>
  <ItemGroup>
    <ClInclude Include="..\..\webpages.h">
      <Filter>www</Filter>
    </ClInclude>
    <ClInclude Include="..\..\website.h">
      <Filter>www</Filter>
    </ClInclude>
    <ClInclude Include="..\..\..\user_config.h" />
    <ClInclude Include="..\..\..\dht22.h" />
  </ItemGroup>
  <ItemGroup>
    <ClCompile Include="..\..\index_html.c">
      <Filter>www</Filter>
    </ClCompile>
    <ClCompile Include="..\..\webpages.c">
      <Filter>www</Filter>
    </ClCompile>
    <ClCompile Include="..\..\website.c">
      <Filter>www</Filter>
    </ClCompile>
    <ClCompile Include="www_test.c" />
    <ClCompile Include="..\..\favicon_png.c">
      <Filter>www</Filter>
    </ClCompile>
    <ClCompile Include="..\..\normalize_css.c">
      <Filter>www</Filter>
    </ClCompile>
    <ClCompile Include="..\..\skeleton_css.c">
      <Filter>www</Filter>
    </ClCompile>
    <ClCompile Include="..\..\settings_png.c">
      <Filter>www</Filter>
    </ClCompile>
    <ClCompile Include="..\..\settings_html.c">
      <Filter>www</Filter>
    </ClCompile>
    <ClCompile Include="..\..\sensorinfo_html.c">
      <Filter>www</Filter>
    </ClCompile>
    <ClCompile Include="..\..\home_png.c">
      <Filter>www</Filter>
    </ClCompile>
    <ClCompile Include="..\..\sensors_png.c">
      <Filter>www</Filter>
    </ClCompile>
    <ClCompile Include="..\..\..\user_config.c" />
    <ClCompile Include="..\..\..\dht22.c" />
  </ItemGroup>
  <ItemGroup>
    <Image Include="..\..\html\favicon.png">
      <Filter>www\html</Filter>
    </Image>
  </ItemGroup>
  <ItemGroup>
    <None Include="..\..\html\index.html">
      <Filter>www\html</Filter>
    </None>
    <None Include="..\..\html\normalize.css">
      <Filter>www\html</Filter>
    </None>
    <None Include="..\..\html\skeleton.css">
      <Filter>www\html</Filter>
    </None>
    <None Include="..\..\html\settings.html">
      <Filter>www\html</Filter>
    </None>
    <None Include="..\..\html\sensorinfo.html">
      <Filter>www\html</Filter>
    </None>
  </ItemGroup>
</Project>